
Microsoft Visual Studio Solution File, Format Version 12.00
# Visual Studio Version 17
VisualStudioVersion = 17.8.34511.84
MinimumVisualStudioVersion = 10.0.40219.1
Project("{FAE04EC0-301F-11D3-BF4B-00C04F79EFBC}") = "QuanLyMuonTraSach", "QuanLyMuonTraSach\QuanLyMuonTraSach.csproj", "{B3ECF7C6-D877-497A-A838-6299EC1B4B07}"
EndProject
Global
	GlobalSection(SolutionConfigurationPlatforms) = preSolution
		Debug|Any CPU = Debug|Any CPU
		Release|Any CPU = Release|Any CPU
	EndGlobalSection
	GlobalSection(ProjectConfigurationPlatforms) = postSolution
		{B3ECF7C6-D877-497A-A838-6299EC1B4B07}.Debug|Any CPU.ActiveCfg = Debug|Any CPU
		{B3ECF7C6-D877-497A-A838-6299EC1B4B07}.Debug|Any CPU.Build.0 = Debug|Any CPU
		{B3ECF7C6-D877-497A-A838-6299EC1B4B07}.Release|Any CPU.ActiveCfg = Release|Any CPU
		{B3ECF7C6-D877-497A-A838-6299EC1B4B07}.Release|Any CPU.Build.0 = Release|Any CPU
	EndGlobalSection
	GlobalSection(SolutionProperties) = preSolution
		HideSolutionNode = FALSE
	EndGlobalSection
	GlobalSection(ExtensibilityGlobals) = postSolution
		SolutionGuid = {CABF3FC7-1723-43C4-92BE-135577513D65}
	EndGlobalSection
EndGlobal
